
Microsoft Visual Studio Solution File, Format Version 12.00
# Visual Studio Version 17
VisualStudioVersion = 17.4.33213.308
MinimumVisualStudioVersion = 10.0.40219.1
Project("{FAE04EC0-301F-11D3-BF4B-00C04F79EFBC}") = "WpfApp1", "WpfApp1\WpfApp1.csproj", "{907BE2D8-EE3E-45C7-82FB-D90E16DF0CDC}"
EndProject
Global
	GlobalSection(SolutionConfigurationPlatforms) = preSolution
		Debug|Any CPU = Debug|Any CPU
		Release|Any CPU = Release|Any CPU
	EndGlobalSection
	GlobalSection(ProjectConfigurationPlatforms) = postSolution
		{907BE2D8-EE3E-45C7-82FB-D90E16DF0CDC}.Debug|Any CPU.ActiveCfg = Debug|Any CPU
		{907BE2D8-EE3E-45C7-82FB-D90E16DF0CDC}.Debug|Any CPU.Build.0 = Debug|Any CPU
		{907BE2D8-EE3E-45C7-82FB-D90E16DF0CDC}.Release|Any CPU.ActiveCfg = Release|Any CPU
		{907BE2D8-EE3E-45C7-82FB-D90E16DF0CDC}.Release|Any CPU.Build.0 = Release|Any CPU
	EndGlobalSection
	GlobalSection(SolutionProperties) = preSolution
		HideSolutionNode = FALSE
	EndGlobalSection
	GlobalSection(ExtensibilityGlobals) = postSolution
		SolutionGuid = {9AA3B2BA-2A55-4DED-BE24-D4582137BF1C}
	EndGlobalSection
EndGlobal
